
Microsoft Visual Studio Solution File, Format Version 12.00
# Visual Studio Version 16
VisualStudioVersion = 16.0.29926.136
MinimumVisualStudioVersion = 10.0.40219.1
Project("{FAE04EC0-301F-11D3-BF4B-00C04F79EFBC}") = "AutoMapperExample", "AutoMapperExample\AutoMapperExample.csproj", "{F5E90C1A-F7A7-45EE-ADAE-FDB94CA7EB17}"
EndProject
Global
	GlobalSection(SolutionConfigurationPlatforms) = preSolution
		Debug|Any CPU = Debug|Any CPU
		Release|Any CPU = Release|Any CPU
	EndGlobalSection
	GlobalSection(ProjectConfigurationPlatforms) = postSolution
		{F5E90C1A-F7A7-45EE-ADAE-FDB94CA7EB17}.Debug|Any CPU.ActiveCfg = Debug|Any CPU
		{F5E90C1A-F7A7-45EE-ADAE-FDB94CA7EB17}.Debug|Any CPU.Build.0 = Debug|Any CPU
		{F5E90C1A-F7A7-45EE-ADAE-FDB94CA7EB17}.Release|Any CPU.ActiveCfg = Release|Any CPU
		{F5E90C1A-F7A7-45EE-ADAE-FDB94CA7EB17}.Release|Any CPU.Build.0 = Release|Any CPU
	EndGlobalSection
	GlobalSection(SolutionProperties) = preSolution
		HideSolutionNode = FALSE
	EndGlobalSection
	GlobalSection(ExtensibilityGlobals) = postSolution
		SolutionGuid = {8D49069F-19BA-4C28-A911-ACA3E7BB8406}
	EndGlobalSection
EndGlobal
